
Microsoft Visual Studio Solution File, Format Version 12.00
# Visual Studio 15
VisualStudioVersion = 15.0.28010.2050
MinimumVisualStudioVersion = 10.0.40219.1
Project("{FAE04EC0-301F-11D3-BF4B-00C04F79EFBC}") = "Adv_POS", "supershop\Adv_POS.csproj", "{1C1E77A2-0AC7-42FF-9894-72712029E565}"
EndProject
Project("{2150E333-8FDC-42A3-9474-1A3956D46DE8}") = "Solution Items", "Solution Items", "{DE3AEA38-EBBD-497B-8C43-6911E61EE192}"
	ProjectSection(SolutionItems) = preProject
		GradientPanel.cs = GradientPanel.cs
	EndProjectSection
EndProject
Global
	GlobalSection(SolutionConfigurationPlatforms) = preSolution
		Debug|Any CPU = Debug|Any CPU
		Debug|x86 = Debug|x86
		Release|Any CPU = Release|Any CPU
		Release|x86 = Release|x86
	EndGlobalSection
	GlobalSection(ProjectConfigurationPlatforms) = postSolution
		{1C1E77A2-0AC7-42FF-9894-72712029E565}.Debug|Any CPU.ActiveCfg = Debug|Any CPU
		{1C1E77A2-0AC7-42FF-9894-72712029E565}.Debug|Any CPU.Build.0 = Debug|Any CPU
		{1C1E77A2-0AC7-42FF-9894-72712029E565}.Debug|x86.ActiveCfg = Debug|x86
		{1C1E77A2-0AC7-42FF-9894-72712029E565}.Debug|x86.Build.0 = Debug|x86
		{1C1E77A2-0AC7-42FF-9894-72712029E565}.Release|Any CPU.ActiveCfg = Release|Any CPU
		{1C1E77A2-0AC7-42FF-9894-72712029E565}.Release|Any CPU.Build.0 = Release|Any CPU
		{1C1E77A2-0AC7-42FF-9894-72712029E565}.Release|x86.ActiveCfg = Release|x86
		{1C1E77A2-0AC7-42FF-9894-72712029E565}.Release|x86.Build.0 = Release|x86
	EndGlobalSection
	GlobalSection(SolutionProperties) = preSolution
		HideSolutionNode = FALSE
	EndGlobalSection
	GlobalSection(ExtensibilityGlobals) = postSolution
		SolutionGuid = {C5F55841-18A7-4A2C-9195-4EE1FDBF998F}
	EndGlobalSection
EndGlobal
